
Microsoft Visual Studio Solution File, Format Version 12.00
# Visual Studio Version 16
VisualStudioVersion = 16.0.29324.140
MinimumVisualStudioVersion = 10.0.40219.1
Project("{FAE04EC0-301F-11D3-BF4B-00C04F79EFBC}") = "Quatum", "Quatum\Quatum.csproj", "{EE4A645E-0FA4-4932-9255-DC5003146CC6}"
EndProject
Global
	GlobalSection(SolutionConfigurationPlatforms) = preSolution
		Debug|Any CPU = Debug|Any CPU
		Release|Any CPU = Release|Any CPU
	EndGlobalSection
	GlobalSection(ProjectConfigurationPlatforms) = postSolution
		{EE4A645E-0FA4-4932-9255-DC5003146CC6}.Debug|Any CPU.ActiveCfg = Debug|Any CPU
		{EE4A645E-0FA4-4932-9255-DC5003146CC6}.Debug|Any CPU.Build.0 = Debug|Any CPU
		{EE4A645E-0FA4-4932-9255-DC5003146CC6}.Release|Any CPU.ActiveCfg = Release|Any CPU
		{EE4A645E-0FA4-4932-9255-DC5003146CC6}.Release|Any CPU.Build.0 = Release|Any CPU
	EndGlobalSection
	GlobalSection(SolutionProperties) = preSolution
		HideSolutionNode = FALSE
	EndGlobalSection
	GlobalSection(ExtensibilityGlobals) = postSolution
		SolutionGuid = {1B4258D6-89C3-4AB9-A661-2AD6BAAB9858}
	EndGlobalSection
EndGlobal
